
Microsoft Visual Studio Solution File, Format Version 12.00
# Visual Studio Version 16
VisualStudioVersion = 16.0.33529.622
MinimumVisualStudioVersion = 10.0.40219.1
Project("{8BC9CEB8-8B4A-11D0-8D11-00A0C91BC942}") = "quickfix", "quickfix.vcxproj", "{D5D558EA-BBAC-4862-A946-D3881BACE3B7}"
EndProject
Global
	GlobalSection(SolutionConfigurationPlatforms) = preSolution
		Debug|x64 = Debug|x64
		Debug|x86 = Debug|x86
		Release|x64 = Release|x64
		Release|x86 = Release|x86
	EndGlobalSection
	GlobalSection(ProjectConfigurationPlatforms) = postSolution
		{D5D558EA-BBAC-4862-A946-D3881BACE3B7}.Debug|x64.ActiveCfg = Debug|x64
		{D5D558EA-BBAC-4862-A946-D3881BACE3B7}.Debug|x64.Build.0 = Debug|x64
		{D5D558EA-BBAC-4862-A946-D3881BACE3B7}.Debug|x86.ActiveCfg = Debug|Win32
		{D5D558EA-BBAC-4862-A946-D3881BACE3B7}.Debug|x86.Build.0 = Debug|Win32
		{D5D558EA-BBAC-4862-A946-D3881BACE3B7}.Release|x64.ActiveCfg = Release|x64
		{D5D558EA-BBAC-4862-A946-D3881BACE3B7}.Release|x64.Build.0 = Release|x64
		{D5D558EA-BBAC-4862-A946-D3881BACE3B7}.Release|x86.ActiveCfg = Release|Win32
		{D5D558EA-BBAC-4862-A946-D3881BACE3B7}.Release|x86.Build.0 = Release|Win32
	EndGlobalSection
	GlobalSection(SolutionProperties) = preSolution
		HideSolutionNode = FALSE
	EndGlobalSection
	GlobalSection(ExtensibilityGlobals) = postSolution
		SolutionGuid = {FF395DEA-11E8-41B5-8D20-031B4349106D}
	EndGlobalSection
EndGlobal
